
Microsoft Visual Studio Solution File, Format Version 12.00
# Visual Studio Version 16
VisualStudioVersion = 16.0.30413.136
MinimumVisualStudioVersion = 10.0.40219.1
Project("{FAE04EC0-301F-11D3-BF4B-00C04F79EFBC}") = "Solomon_Server", "Bulletin_Server\Solomon_Server.csproj", "{677C1E29-9CD5-455A-B0B4-C4932862FC3E}"
EndProject
Project("{2150E333-8FDC-42A3-9474-1A3956D46DE8}") = "Solution Items", "Solution Items", "{4FF56980-5F89-45C2-A8EA-790448BCA042}"
	ProjectSection(SolutionItems) = preProject
		.editorconfig = .editorconfig
	EndProjectSection
EndProject
Global
	GlobalSection(SolutionConfigurationPlatforms) = preSolution
		Debug|Any CPU = Debug|Any CPU
		Release|Any CPU = Release|Any CPU
	EndGlobalSection
	GlobalSection(ProjectConfigurationPlatforms) = postSolution
		{677C1E29-9CD5-455A-B0B4-C4932862FC3E}.Debug|Any CPU.ActiveCfg = Debug|Any CPU
		{677C1E29-9CD5-455A-B0B4-C4932862FC3E}.Debug|Any CPU.Build.0 = Debug|Any CPU
		{677C1E29-9CD5-455A-B0B4-C4932862FC3E}.Release|Any CPU.ActiveCfg = Release|Any CPU
		{677C1E29-9CD5-455A-B0B4-C4932862FC3E}.Release|Any CPU.Build.0 = Release|Any CPU
	EndGlobalSection
	GlobalSection(SolutionProperties) = preSolution
		HideSolutionNode = FALSE
	EndGlobalSection
	GlobalSection(ExtensibilityGlobals) = postSolution
		SolutionGuid = {9318F69F-0D5B-4DE9-97C2-34BDD9077C76}
	EndGlobalSection
EndGlobal
