
Microsoft Visual Studio Solution File, Format Version 12.00
# Visual Studio Version 16
VisualStudioVersion = 16.0.30413.136
MinimumVisualStudioVersion = 10.0.40219.1
Project("{FAE04EC0-301F-11D3-BF4B-00C04F79EFBC}") = "Bulletin_Server", "Bulletin_Server\Bulletin_Server.csproj", "{FA83BAB6-D333-4DBF-8067-C5E7227AEE19}"
EndProject
Global
	GlobalSection(SolutionConfigurationPlatforms) = preSolution
		Debug|Any CPU = Debug|Any CPU
		Release|Any CPU = Release|Any CPU
	EndGlobalSection
	GlobalSection(ProjectConfigurationPlatforms) = postSolution
		{FA83BAB6-D333-4DBF-8067-C5E7227AEE19}.Debug|Any CPU.ActiveCfg = Debug|Any CPU
		{FA83BAB6-D333-4DBF-8067-C5E7227AEE19}.Debug|Any CPU.Build.0 = Debug|Any CPU
		{FA83BAB6-D333-4DBF-8067-C5E7227AEE19}.Release|Any CPU.ActiveCfg = Release|Any CPU
		{FA83BAB6-D333-4DBF-8067-C5E7227AEE19}.Release|Any CPU.Build.0 = Release|Any CPU
	EndGlobalSection
	GlobalSection(SolutionProperties) = preSolution
		HideSolutionNode = FALSE
	EndGlobalSection
	GlobalSection(ExtensibilityGlobals) = postSolution
		SolutionGuid = {C87963E4-E635-4B05-93B9-8D089838F159}
	EndGlobalSection
EndGlobal
